
Microsoft Visual Studio Solution File, Format Version 12.00
# Visual Studio Version 16
VisualStudioVersion = 16.0.30413.136
MinimumVisualStudioVersion = 10.0.40219.1
Project("{F2A71F9B-5D33-465A-A702-920D77279786}") = "GW2.GuildUpgradesGetter", "GW2.GuildUpgradesGetter.fsproj", "{40138904-E9DB-43AB-8368-94DE7F021785}"
EndProject
Global
	GlobalSection(SolutionConfigurationPlatforms) = preSolution
		Debug|Any CPU = Debug|Any CPU
		Release|Any CPU = Release|Any CPU
	EndGlobalSection
	GlobalSection(ProjectConfigurationPlatforms) = postSolution
		{40138904-E9DB-43AB-8368-94DE7F021785}.Debug|Any CPU.ActiveCfg = Debug|Any CPU
		{40138904-E9DB-43AB-8368-94DE7F021785}.Debug|Any CPU.Build.0 = Debug|Any CPU
		{40138904-E9DB-43AB-8368-94DE7F021785}.Release|Any CPU.ActiveCfg = Release|Any CPU
		{40138904-E9DB-43AB-8368-94DE7F021785}.Release|Any CPU.Build.0 = Release|Any CPU
	EndGlobalSection
	GlobalSection(SolutionProperties) = preSolution
		HideSolutionNode = FALSE
	EndGlobalSection
	GlobalSection(ExtensibilityGlobals) = postSolution
		SolutionGuid = {A4C964B9-114C-4A18-9FA1-3A69876FCABC}
	EndGlobalSection
EndGlobal
